
Microsoft Visual Studio Solution File, Format Version 12.00
# Visual Studio Version 16
VisualStudioVersion = 16.0.31829.152
MinimumVisualStudioVersion = 10.0.40219.1
Project("{9A19103F-16F7-4668-BE54-9A1E7A4F7556}") = "Interfaces", "Interfaces.csproj", "{945E89DC-B957-4CFB-A096-14B33491A0D0}"
EndProject
Global
	GlobalSection(SolutionConfigurationPlatforms) = preSolution
		Debug|Any CPU = Debug|Any CPU
		Release|Any CPU = Release|Any CPU
	EndGlobalSection
	GlobalSection(ProjectConfigurationPlatforms) = postSolution
		{945E89DC-B957-4CFB-A096-14B33491A0D0}.Debug|Any CPU.ActiveCfg = Debug|Any CPU
		{945E89DC-B957-4CFB-A096-14B33491A0D0}.Debug|Any CPU.Build.0 = Debug|Any CPU
		{945E89DC-B957-4CFB-A096-14B33491A0D0}.Release|Any CPU.ActiveCfg = Release|Any CPU
		{945E89DC-B957-4CFB-A096-14B33491A0D0}.Release|Any CPU.Build.0 = Release|Any CPU
	EndGlobalSection
	GlobalSection(SolutionProperties) = preSolution
		HideSolutionNode = FALSE
	EndGlobalSection
	GlobalSection(ExtensibilityGlobals) = postSolution
		SolutionGuid = {3B915FB9-C9CB-4C80-9385-B68C54BB160D}
	EndGlobalSection
EndGlobal
